// !$*UTF8*$!
{
	archiveVersion = 1;
	classes = {
	};
	objectVersion = 51;
	objects = {

/* Begin PBXBuildFile section */
		420AFE6B2712C41D00F031D7 /* BoardContentsCollectionViewCell.swift in Sources */ = {isa = PBXBuildFile; fileRef = 420AFE6A2712C41D00F031D7 /* BoardContentsCollectionViewCell.swift */; };
		4214C8A32743749E005F3E3D /* NewsCustomView.swift in Sources */ = {isa = PBXBuildFile; fileRef = 4214C8A22743749E005F3E3D /* NewsCustomView.swift */; };
		4214C8A5274374B6005F3E3D /* NewsCustomView.xib in Resources */ = {isa = PBXBuildFile; fileRef = 4214C8A4274374B6005F3E3D /* NewsCustomView.xib */; };
		4214C8A727460F0D005F3E3D /* StudentNumberAlterViewController.swift in Sources */ = {isa = PBXBuildFile; fileRef = 4214C8A627460F0D005F3E3D /* StudentNumberAlterViewController.swift */; };
		422D416126B42A1A000EB239 /* CalendarViewController.swift in Sources */ = {isa = PBXBuildFile; fileRef = 422D416026B42A1A000EB239 /* CalendarViewController.swift */; };
		424D1F4126C4E20F009A13F4 /* LoginViewController.swift in Sources */ = {isa = PBXBuildFile; fileRef = 424D1F4026C4E20F009A13F4 /* LoginViewController.swift */; };
		424D1F4526C4EC23009A13F4 /* RegisterViewController.swift in Sources */ = {isa = PBXBuildFile; fileRef = 424D1F4426C4EC23009A13F4 /* RegisterViewController.swift */; };
		426C3E8426577CC100672FF6 /* TimetableViewController.swift in Sources */ = {isa = PBXBuildFile; fileRef = 426C3E8326577CC100672FF6 /* TimetableViewController.swift */; };
		427B4B6326AADD3000571EC1 /* SettingViewController.swift in Sources */ = {isa = PBXBuildFile; fileRef = 427B4B6226AADD3000571EC1 /* SettingViewController.swift */; };
		42805505268015B400693A54 /* BoardViewController.swift in Sources */ = {isa = PBXBuildFile; fileRef = 42805504268015B400693A54 /* BoardViewController.swift */; };
		428341D4268ABD530068C044 /* TimetableCustomView.xib in Resources */ = {isa = PBXBuildFile; fileRef = 428341D3268ABD530068C044 /* TimetableCustomView.xib */; };
		428341D6268ABD820068C044 /* TimetableCustomView.swift in Sources */ = {isa = PBXBuildFile; fileRef = 428341D5268ABD820068C044 /* TimetableCustomView.swift */; };
		428CB053265425AD002CAFE9 /* FirstItemViewController.swift in Sources */ = {isa = PBXBuildFile; fileRef = 428CB052265425AD002CAFE9 /* FirstItemViewController.swift */; };
		428CB0552654268E002CAFE9 /* LunchViewController.swift in Sources */ = {isa = PBXBuildFile; fileRef = 428CB0542654268E002CAFE9 /* LunchViewController.swift */; };
		42916059264BBE470072A2CF /* AppDelegate.swift in Sources */ = {isa = PBXBuildFile; fileRef = 42916058264BBE470072A2CF /* AppDelegate.swift */; };
		4291605B264BBE470072A2CF /* SceneDelegate.swift in Sources */ = {isa = PBXBuildFile; fileRef = 4291605A264BBE470072A2CF /* SceneDelegate.swift */; };
		42916060264BBE470072A2CF /* Main.storyboard in Resources */ = {isa = PBXBuildFile; fileRef = 4291605E264BBE470072A2CF /* Main.storyboard */; };
		42916062264BBE480072A2CF /* Assets.xcassets in Resources */ = {isa = PBXBuildFile; fileRef = 42916061264BBE480072A2CF /* Assets.xcassets */; };
		42916065264BBE480072A2CF /* LaunchScreen.storyboard in Resources */ = {isa = PBXBuildFile; fileRef = 42916063264BBE480072A2CF /* LaunchScreen.storyboard */; };
		42A268E026887D0C009A5BCC /* LunchCustomView.xib in Resources */ = {isa = PBXBuildFile; fileRef = 42A268DF26887D0C009A5BCC /* LunchCustomView.xib */; };
		42A268E226887D55009A5BCC /* LunchCustomView.swift in Sources */ = {isa = PBXBuildFile; fileRef = 42A268E126887D55009A5BCC /* LunchCustomView.swift */; };
		42AD5CBF2703DFCE00DD2250 /* TabBarViewController.swift in Sources */ = {isa = PBXBuildFile; fileRef = 42AD5CBE2703DFCE00DD2250 /* TabBarViewController.swift */; };
		42B565FD271F8D59003AF931 /* BoardTabViewController.swift in Sources */ = {isa = PBXBuildFile; fileRef = 42B565FC271F8D59003AF931 /* BoardTabViewController.swift */; };
		42B565FF271F902F003AF931 /* BoardTab1ViewController.swift in Sources */ = {isa = PBXBuildFile; fileRef = 42B565FE271F902F003AF931 /* BoardTab1ViewController.swift */; };
		42B56601271F903D003AF931 /* BoardTab2ViewController.swift in Sources */ = {isa = PBXBuildFile; fileRef = 42B56600271F903D003AF931 /* BoardTab2ViewController.swift */; };
		42B56603271F9048003AF931 /* BoardTab3ViewController.swift in Sources */ = {isa = PBXBuildFile; fileRef = 42B56602271F9048003AF931 /* BoardTab3ViewController.swift */; };
		42BA62EF26EE09BB00A883A1 /* CalendarCustomView.xib in Resources */ = {isa = PBXBuildFile; fileRef = 42BA62EE26EE09BB00A883A1 /* CalendarCustomView.xib */; };
		42BA62F126EE09EF00A883A1 /* CalendarCustomView.swift in Sources */ = {isa = PBXBuildFile; fileRef = 42BA62F026EE09EF00A883A1 /* CalendarCustomView.swift */; };
		42BA62F326F70C8C00A883A1 /* ReaderViewController.swift in Sources */ = {isa = PBXBuildFile; fileRef = 42BA62F226F70C8C00A883A1 /* ReaderViewController.swift */; };
		42C9FC52274105F700082C6C /* TemporaryLoginViewController.swift in Sources */ = {isa = PBXBuildFile; fileRef = 42C9FC51274105F700082C6C /* TemporaryLoginViewController.swift */; };
		42E8D32027097F4D00D11476 /* MyPageViewController.swift in Sources */ = {isa = PBXBuildFile; fileRef = 42E8D31F27097F4D00D11476 /* MyPageViewController.swift */; };
		42E8D326270D0BF600D11476 /* TimetableCollectionViewCell.swift in Sources */ = {isa = PBXBuildFile; fileRef = 42E8D325270D0BF600D11476 /* TimetableCollectionViewCell.swift */; };
		8619B80121CB1935D322CD20 /* Pods_sesori.framework in Frameworks */ = {isa = PBXBuildFile; fileRef = 9912C9BAFB20E5A7FBDF82AE /* Pods_sesori.framework */; };
/* End PBXBuildFile section */

/* Begin PBXFileReference section */
		420AFE6A2712C41D00F031D7 /* BoardContentsCollectionViewCell.swift */ = {isa = PBXFileReference; lastKnownFileType = sourcecode.swift; path = BoardContentsCollectionViewCell.swift; sourceTree = "<group>"; };
		4214C8A22743749E005F3E3D /* NewsCustomView.swift */ = {isa = PBXFileReference; lastKnownFileType = sourcecode.swift; path = NewsCustomView.swift; sourceTree = "<group>"; };
		4214C8A4274374B6005F3E3D /* NewsCustomView.xib */ = {isa = PBXFileReference; lastKnownFileType = file.xib; path = NewsCustomView.xib; sourceTree = "<group>"; };
		4214C8A627460F0D005F3E3D /* StudentNumberAlterViewController.swift */ = {isa = PBXFileReference; lastKnownFileType = sourcecode.swift; path = StudentNumberAlterViewController.swift; sourceTree = "<group>"; };
		422D416026B42A1A000EB239 /* CalendarViewController.swift */ = {isa = PBXFileReference; lastKnownFileType = sourcecode.swift; path = CalendarViewController.swift; sourceTree = "<group>"; };
		424D1F4026C4E20F009A13F4 /* LoginViewController.swift */ = {isa = PBXFileReference; lastKnownFileType = sourcecode.swift; path = LoginViewController.swift; sourceTree = "<group>"; };
		424D1F4426C4EC23009A13F4 /* RegisterViewController.swift */ = {isa = PBXFileReference; lastKnownFileType = sourcecode.swift; path = RegisterViewController.swift; sourceTree = "<group>"; };
		426C3E8326577CC100672FF6 /* TimetableViewController.swift */ = {isa = PBXFileReference; lastKnownFileType = sourcecode.swift; path = TimetableViewController.swift; sourceTree = "<group>"; };
		427B4B6226AADD3000571EC1 /* SettingViewController.swift */ = {isa = PBXFileReference; lastKnownFileType = sourcecode.swift; path = SettingViewController.swift; sourceTree = "<group>"; };
		42805504268015B400693A54 /* BoardViewController.swift */ = {isa = PBXFileReference; lastKnownFileType = sourcecode.swift; path = BoardViewController.swift; sourceTree = "<group>"; };
		428341D3268ABD530068C044 /* TimetableCustomView.xib */ = {isa = PBXFileReference; lastKnownFileType = file.xib; path = TimetableCustomView.xib; sourceTree = "<group>"; };
		428341D5268ABD820068C044 /* TimetableCustomView.swift */ = {isa = PBXFileReference; lastKnownFileType = sourcecode.swift; path = TimetableCustomView.swift; sourceTree = "<group>"; };
		428CB052265425AD002CAFE9 /* FirstItemViewController.swift */ = {isa = PBXFileReference; lastKnownFileType = sourcecode.swift; path = FirstItemViewController.swift; sourceTree = "<group>"; };
		428CB0542654268E002CAFE9 /* LunchViewController.swift */ = {isa = PBXFileReference; lastKnownFileType = sourcecode.swift; path = LunchViewController.swift; sourceTree = "<group>"; };
		42916055264BBE470072A2CF /* sesori.app */ = {isa = PBXFileReference; explicitFileType = wrapper.application; includeInIndex = 0; path = sesori.app; sourceTree = BUILT_PRODUCTS_DIR; };
		42916058264BBE470072A2CF /* AppDelegate.swift */ = {isa = PBXFileReference; lastKnownFileType = sourcecode.swift; path = AppDelegate.swift; sourceTree = "<group>"; };
		4291605A264BBE470072A2CF /* SceneDelegate.swift */ = {isa = PBXFileReference; lastKnownFileType = sourcecode.swift; path = SceneDelegate.swift; sourceTree = "<group>"; };
		4291605F264BBE470072A2CF /* Base */ = {isa = PBXFileReference; lastKnownFileType = file.storyboard; name = Base; path = Base.lproj/Main.storyboard; sourceTree = "<group>"; };
		42916061264BBE480072A2CF /* Assets.xcassets */ = {isa = PBXFileReference; lastKnownFileType = folder.assetcatalog; path = Assets.xcassets; sourceTree = "<group>"; };
		42916064264BBE480072A2CF /* Base */ = {isa = PBXFileReference; lastKnownFileType = file.storyboard; name = Base; path = Base.lproj/LaunchScreen.storyboard; sourceTree = "<group>"; };
		42916066264BBE480072A2CF /* Info.plist */ = {isa = PBXFileReference; lastKnownFileType = text.plist.xml; path = Info.plist; sourceTree = "<group>"; };
		42A268DF26887D0C009A5BCC /* LunchCustomView.xib */ = {isa = PBXFileReference; lastKnownFileType = file.xib; path = LunchCustomView.xib; sourceTree = "<group>"; };
		42A268E126887D55009A5BCC /* LunchCustomView.swift */ = {isa = PBXFileReference; lastKnownFileType = sourcecode.swift; path = LunchCustomView.swift; sourceTree = "<group>"; };
		42AD5CBE2703DFCE00DD2250 /* TabBarViewController.swift */ = {isa = PBXFileReference; lastKnownFileType = sourcecode.swift; path = TabBarViewController.swift; sourceTree = "<group>"; };
		42B565FC271F8D59003AF931 /* BoardTabViewController.swift */ = {isa = PBXFileReference; lastKnownFileType = sourcecode.swift; path = BoardTabViewController.swift; sourceTree = "<group>"; };
		42B565FE271F902F003AF931 /* BoardTab1ViewController.swift */ = {isa = PBXFileReference; lastKnownFileType = sourcecode.swift; path = BoardTab1ViewController.swift; sourceTree = "<group>"; };
		42B56600271F903D003AF931 /* BoardTab2ViewController.swift */ = {isa = PBXFileReference; lastKnownFileType = sourcecode.swift; path = BoardTab2ViewController.swift; sourceTree = "<group>"; };
		42B56602271F9048003AF931 /* BoardTab3ViewController.swift */ = {isa = PBXFileReference; lastKnownFileType = sourcecode.swift; path = BoardTab3ViewController.swift; sourceTree = "<group>"; };
		42BA62EE26EE09BB00A883A1 /* CalendarCustomView.xib */ = {isa = PBXFileReference; lastKnownFileType = file.xib; path = CalendarCustomView.xib; sourceTree = "<group>"; };
		42BA62F026EE09EF00A883A1 /* CalendarCustomView.swift */ = {isa = PBXFileReference; lastKnownFileType = sourcecode.swift; path = CalendarCustomView.swift; sourceTree = "<group>"; };
		42BA62F226F70C8C00A883A1 /* ReaderViewController.swift */ = {isa = PBXFileReference; lastKnownFileType = sourcecode.swift; path = ReaderViewController.swift; sourceTree = "<group>"; };
		42C9FC51274105F700082C6C /* TemporaryLoginViewController.swift */ = {isa = PBXFileReference; lastKnownFileType = sourcecode.swift; path = TemporaryLoginViewController.swift; sourceTree = "<group>"; };
		42E8D31F27097F4D00D11476 /* MyPageViewController.swift */ = {isa = PBXFileReference; lastKnownFileType = sourcecode.swift; path = MyPageViewController.swift; sourceTree = "<group>"; };
		42E8D325270D0BF600D11476 /* TimetableCollectionViewCell.swift */ = {isa = PBXFileReference; lastKnownFileType = sourcecode.swift; path = TimetableCollectionViewCell.swift; sourceTree = "<group>"; };
		9912C9BAFB20E5A7FBDF82AE /* Pods_sesori.framework */ = {isa = PBXFileReference; explicitFileType = wrapper.framework; includeInIndex = 0; path = Pods_sesori.framework; sourceTree = BUILT_PRODUCTS_DIR; };
		AF0AFAF0D524CD25CFCE4065 /* Pods-sesori.debug.xcconfig */ = {isa = PBXFileReference; includeInIndex = 1; lastKnownFileType = text.xcconfig; name = "Pods-sesori.debug.xcconfig"; path = "Target Support Files/Pods-sesori/Pods-sesori.debug.xcconfig"; sourceTree = "<group>"; };
		C51E7213880FA32F957EC244 /* Pods-sesori.release.xcconfig */ = {isa = PBXFileReference; includeInIndex = 1; lastKnownFileType = text.xcconfig; name = "Pods-sesori.release.xcconfig"; path = "Target Support Files/Pods-sesori/Pods-sesori.release.xcconfig"; sourceTree = "<group>"; };
/* End PBXFileReference section */

/* Begin PBXFrameworksBuildPhase section */
		42916052264BBE470072A2CF /* Frameworks */ = {
			isa = PBXFrameworksBuildPhase;
			buildActionMask = 2147483647;
			files = (
				8619B80121CB1935D322CD20 /* Pods_sesori.framework in Frameworks */,
			);
			runOnlyForDeploymentPostprocessing = 0;
		};
/* End PBXFrameworksBuildPhase section */

/* Begin PBXGroup section */
		4291604C264BBE470072A2CF = {
			isa = PBXGroup;
			children = (
				42916057264BBE470072A2CF /* sesori */,
				42916056264BBE470072A2CF /* Products */,
				497FE9F39691541764A61ABC /* Pods */,
				870C0D01235260E6A5A111F5 /* Frameworks */,
			);
			sourceTree = "<group>";
		};
		42916056264BBE470072A2CF /* Products */ = {
			isa = PBXGroup;
			children = (
				42916055264BBE470072A2CF /* sesori.app */,
			);
			name = Products;
			sourceTree = "<group>";
		};
		42916057264BBE470072A2CF /* sesori */ = {
			isa = PBXGroup;
			children = (
				42916061264BBE480072A2CF /* Assets.xcassets */,
				42E8D3212709808900D11476 /* TabBarPage */,
				42E8D3222709811800D11476 /* Home */,
				42E8D3232709826A00D11476 /* Board */,
				42E8D3242709828100D11476 /* MyPage */,
				42BA62ED26EE095600A883A1 /* CustomView */,
				42916066264BBE480072A2CF /* Info.plist */,
				42916058264BBE470072A2CF /* AppDelegate.swift */,
				4291605A264BBE470072A2CF /* SceneDelegate.swift */,
				4291605E264BBE470072A2CF /* Main.storyboard */,
				42916063264BBE480072A2CF /* LaunchScreen.storyboard */,
				424D1F4026C4E20F009A13F4 /* LoginViewController.swift */,
				424D1F4426C4EC23009A13F4 /* RegisterViewController.swift */,
				42BA62F226F70C8C00A883A1 /* ReaderViewController.swift */,
				42AD5CBE2703DFCE00DD2250 /* TabBarViewController.swift */,
				42C9FC51274105F700082C6C /* TemporaryLoginViewController.swift */,
			);
			path = sesori;
			sourceTree = "<group>";
		};
		42BA62ED26EE095600A883A1 /* CustomView */ = {
			isa = PBXGroup;
			children = (
				42A268DF26887D0C009A5BCC /* LunchCustomView.xib */,
				42A268E126887D55009A5BCC /* LunchCustomView.swift */,
				428341D3268ABD530068C044 /* TimetableCustomView.xib */,
				428341D5268ABD820068C044 /* TimetableCustomView.swift */,
				42BA62EE26EE09BB00A883A1 /* CalendarCustomView.xib */,
				42BA62F026EE09EF00A883A1 /* CalendarCustomView.swift */,
				4214C8A4274374B6005F3E3D /* NewsCustomView.xib */,
				4214C8A22743749E005F3E3D /* NewsCustomView.swift */,
			);
			path = CustomView;
			sourceTree = "<group>";
		};
		42E8D3212709808900D11476 /* TabBarPage */ = {
			isa = PBXGroup;
			children = (
				428CB052265425AD002CAFE9 /* FirstItemViewController.swift */,
				42805504268015B400693A54 /* BoardViewController.swift */,
				42E8D31F27097F4D00D11476 /* MyPageViewController.swift */,
			);
			path = TabBarPage;
			sourceTree = "<group>";
		};
		42E8D3222709811800D11476 /* Home */ = {
			isa = PBXGroup;
			children = (
				428CB0542654268E002CAFE9 /* LunchViewController.swift */,
				426C3E8326577CC100672FF6 /* TimetableViewController.swift */,
				422D416026B42A1A000EB239 /* CalendarViewController.swift */,
				42E8D325270D0BF600D11476 /* TimetableCollectionViewCell.swift */,
			);
			path = Home;
			sourceTree = "<group>";
		};
		42E8D3232709826A00D11476 /* Board */ = {
			isa = PBXGroup;
			children = (
				420AFE6A2712C41D00F031D7 /* BoardContentsCollectionViewCell.swift */,
				42B565FC271F8D59003AF931 /* BoardTabViewController.swift */,
				42B565FE271F902F003AF931 /* BoardTab1ViewController.swift */,
				42B56600271F903D003AF931 /* BoardTab2ViewController.swift */,
				42B56602271F9048003AF931 /* BoardTab3ViewController.swift */,
			);
			path = Board;
			sourceTree = "<group>";
		};
		42E8D3242709828100D11476 /* MyPage */ = {
			isa = PBXGroup;
			children = (
				427B4B6226AADD3000571EC1 /* SettingViewController.swift */,
				4214C8A627460F0D005F3E3D /* StudentNumberAlterViewController.swift */,
			);
			path = MyPage;
			sourceTree = "<group>";
		};
		497FE9F39691541764A61ABC /* Pods */ = {
			isa = PBXGroup;
			children = (
				AF0AFAF0D524CD25CFCE4065 /* Pods-sesori.debug.xcconfig */,
				C51E7213880FA32F957EC244 /* Pods-sesori.release.xcconfig */,
			);
			path = Pods;
			sourceTree = "<group>";
		};
		870C0D01235260E6A5A111F5 /* Frameworks */ = {
			isa = PBXGroup;
			children = (
				9912C9BAFB20E5A7FBDF82AE /* Pods_sesori.framework */,
			);
			name = Frameworks;
			sourceTree = "<group>";
		};
/* End PBXGroup section */

/* Begin PBXNativeTarget section */
		42916054264BBE470072A2CF /* sesori */ = {
			isa = PBXNativeTarget;
			buildConfigurationList = 42916069264BBE480072A2CF /* Build configuration list for PBXNativeTarget "sesori" */;
			buildPhases = (
				0950E0A5A93BB08160131549 /* [CP] Check Pods Manifest.lock */,
				42916051264BBE470072A2CF /* Sources */,
				42916052264BBE470072A2CF /* Frameworks */,
				42916053264BBE470072A2CF /* Resources */,
				36AC46D3664DB9E6E5E95165 /* [CP] Embed Pods Frameworks */,
			);
			buildRules = (
			);
			dependencies = (
			);
			name = sesori;
			productName = sesori;
			productReference = 42916055264BBE470072A2CF /* sesori.app */;
			productType = "com.apple.product-type.application";
		};
/* End PBXNativeTarget section */

/* Begin PBXProject section */
		4291604D264BBE470072A2CF /* Project object */ = {
			isa = PBXProject;
			attributes = {
				LastSwiftUpdateCheck = 1240;
				LastUpgradeCheck = 1240;
				TargetAttributes = {
					42916054264BBE470072A2CF = {
						CreatedOnToolsVersion = 12.4;
					};
				};
			};
			buildConfigurationList = 42916050264BBE470072A2CF /* Build configuration list for PBXProject "sesori" */;
			compatibilityVersion = "Xcode 9.3";
			developmentRegion = en;
			hasScannedForEncodings = 0;
			knownRegions = (
				en,
				Base,
			);
			mainGroup = 4291604C264BBE470072A2CF;
			productRefGroup = 42916056264BBE470072A2CF /* Products */;
			projectDirPath = "";
			projectRoot = "";
			targets = (
				42916054264BBE470072A2CF /* sesori */,
			);
		};
/* End PBXProject section */

/* Begin PBXResourcesBuildPhase section */
		42916053264BBE470072A2CF /* Resources */ = {
			isa = PBXResourcesBuildPhase;
			buildActionMask = 2147483647;
			files = (
				4214C8A5274374B6005F3E3D /* NewsCustomView.xib in Resources */,
				42916065264BBE480072A2CF /* LaunchScreen.storyboard in Resources */,
				42BA62EF26EE09BB00A883A1 /* CalendarCustomView.xib in Resources */,
				428341D4268ABD530068C044 /* TimetableCustomView.xib in Resources */,
				42916062264BBE480072A2CF /* Assets.xcassets in Resources */,
				42916060264BBE470072A2CF /* Main.storyboard in Resources */,
				42A268E026887D0C009A5BCC /* LunchCustomView.xib in Resources */,
			);
			runOnlyForDeploymentPostprocessing = 0;
		};
/* End PBXResourcesBuildPhase section */

/* Begin PBXShellScriptBuildPhase section */
		0950E0A5A93BB08160131549 /* [CP] Check Pods Manifest.lock */ = {
			isa = PBXShellScriptBuildPhase;
			buildActionMask = 2147483647;
			files = (
			);
			inputFileListPaths = (
			);
			inputPaths = (
				"${PODS_PODFILE_DIR_PATH}/Podfile.lock",
				"${PODS_ROOT}/Manifest.lock",
			);
			name = "[CP] Check Pods Manifest.lock";
			outputFileListPaths = (
			);
			outputPaths = (
				"$(DERIVED_FILE_DIR)/Pods-sesori-checkManifestLockResult.txt",
			);
			runOnlyForDeploymentPostprocessing = 0;
			shellPath = /bin/sh;
			shellScript = "diff \"${PODS_PODFILE_DIR_PATH}/Podfile.lock\" \"${PODS_ROOT}/Manifest.lock\" > /dev/null\nif [ $? != 0 ] ; then\n    # print error to STDERR\n    echo \"error: The sandbox is not in sync with the Podfile.lock. Run 'pod install' or update your CocoaPods installation.\" >&2\n    exit 1\nfi\n# This output is used by Xcode 'outputs' to avoid re-running this script phase.\necho \"SUCCESS\" > \"${SCRIPT_OUTPUT_FILE_0}\"\n";
			showEnvVarsInLog = 0;
		};
		36AC46D3664DB9E6E5E95165 /* [CP] Embed Pods Frameworks */ = {
			isa = PBXShellScriptBuildPhase;
			buildActionMask = 2147483647;
			files = (
			);
			inputFileListPaths = (
				"${PODS_ROOT}/Target Support Files/Pods-sesori/Pods-sesori-frameworks-${CONFIGURATION}-input-files.xcfilelist",
			);
			name = "[CP] Embed Pods Frameworks";
			outputFileListPaths = (
				"${PODS_ROOT}/Target Support Files/Pods-sesori/Pods-sesori-frameworks-${CONFIGURATION}-output-files.xcfilelist",
			);
			runOnlyForDeploymentPostprocessing = 0;
			shellPath = /bin/sh;
			shellScript = "\"${PODS_ROOT}/Target Support Files/Pods-sesori/Pods-sesori-frameworks.sh\"\n";
			showEnvVarsInLog = 0;
		};
/* End PBXShellScriptBuildPhase section */

/* Begin PBXSourcesBuildPhase section */
		42916051264BBE470072A2CF /* Sources */ = {
			isa = PBXSourcesBuildPhase;
			buildActionMask = 2147483647;
			files = (
				428CB0552654268E002CAFE9 /* LunchViewController.swift in Sources */,
				424D1F4126C4E20F009A13F4 /* LoginViewController.swift in Sources */,
				427B4B6326AADD3000571EC1 /* SettingViewController.swift in Sources */,
				42A268E226887D55009A5BCC /* LunchCustomView.swift in Sources */,
				42BA62F326F70C8C00A883A1 /* ReaderViewController.swift in Sources */,
				42B56603271F9048003AF931 /* BoardTab3ViewController.swift in Sources */,
				42AD5CBF2703DFCE00DD2250 /* TabBarViewController.swift in Sources */,
				42916059264BBE470072A2CF /* AppDelegate.swift in Sources */,
				42B565FF271F902F003AF931 /* BoardTab1ViewController.swift in Sources */,
				428CB053265425AD002CAFE9 /* FirstItemViewController.swift in Sources */,
				4214C8A727460F0D005F3E3D /* StudentNumberAlterViewController.swift in Sources */,
				4214C8A32743749E005F3E3D /* NewsCustomView.swift in Sources */,
				426C3E8426577CC100672FF6 /* TimetableViewController.swift in Sources */,
				4291605B264BBE470072A2CF /* SceneDelegate.swift in Sources */,
				420AFE6B2712C41D00F031D7 /* BoardContentsCollectionViewCell.swift in Sources */,
				42B56601271F903D003AF931 /* BoardTab2ViewController.swift in Sources */,
				428341D6268ABD820068C044 /* TimetableCustomView.swift in Sources */,
				42C9FC52274105F700082C6C /* TemporaryLoginViewController.swift in Sources */,
				42BA62F126EE09EF00A883A1 /* CalendarCustomView.swift in Sources */,
				42E8D32027097F4D00D11476 /* MyPageViewController.swift in Sources */,
				424D1F4526C4EC23009A13F4 /* RegisterViewController.swift in Sources */,
				422D416126B42A1A000EB239 /* CalendarViewController.swift in Sources */,
				42E8D326270D0BF600D11476 /* TimetableCollectionViewCell.swift in Sources */,
				42805505268015B400693A54 /* BoardViewController.swift in Sources */,
				42B565FD271F8D59003AF931 /* BoardTabViewController.swift in Sources */,
			);
			runOnlyForDeploymentPostprocessing = 0;
		};
/* End PBXSourcesBuildPhase section */

/* Begin PBXVariantGroup section */
		4291605E264BBE470072A2CF /* Main.storyboard */ = {
			isa = PBXVariantGroup;
			children = (
				4291605F264BBE470072A2CF /* Base */,
			);
			name = Main.storyboard;
			sourceTree = "<group>";
		};
		42916063264BBE480072A2CF /* LaunchScreen.storyboard */ = {
			isa = PBXVariantGroup;
			children = (
				42916064264BBE480072A2CF /* Base */,
			);
			name = LaunchScreen.storyboard;
			sourceTree = "<group>";
		};
/* End PBXVariantGroup section */

/* Begin XCBuildConfiguration section */
		42916067264BBE480072A2CF /* Debug */ = {
			isa = XCBuildConfiguration;
			buildSettings = {
				ALWAYS_SEARCH_USER_PATHS = NO;
				CLANG_ANALYZER_NONNULL = YES;
				CLANG_ANALYZER_NUMBER_OBJECT_CONVERSION = YES_AGGRESSIVE;
				CLANG_CXX_LANGUAGE_STANDARD = "gnu++14";
				CLANG_CXX_LIBRARY = "libc++";
				CLANG_ENABLE_MODULES = YES;
				CLANG_ENABLE_OBJC_ARC = YES;
				CLANG_ENABLE_OBJC_WEAK = YES;
				CLANG_WARN_BLOCK_CAPTURE_AUTORELEASING = YES;
				CLANG_WARN_BOOL_CONVERSION = YES;
				CLANG_WARN_COMMA = YES;
				CLANG_WARN_CONSTANT_CONVERSION = YES;
				CLANG_WARN_DEPRECATED_OBJC_IMPLEMENTATIONS = YES;
				CLANG_WARN_DIRECT_OBJC_ISA_USAGE = YES_ERROR;
				CLANG_WARN_DOCUMENTATION_COMMENTS = YES;
				CLANG_WARN_EMPTY_BODY = YES;
				CLANG_WARN_ENUM_CONVERSION = YES;
				CLANG_WARN_INFINITE_RECURSION = YES;
				CLANG_WARN_INT_CONVERSION = YES;
				CLANG_WARN_NON_LITERAL_NULL_CONVERSION = YES;
				CLANG_WARN_OBJC_IMPLICIT_RETAIN_SELF = YES;
				CLANG_WARN_OBJC_LITERAL_CONVERSION = YES;
				CLANG_WARN_OBJC_ROOT_CLASS = YES_ERROR;
				CLANG_WARN_QUOTED_INCLUDE_IN_FRAMEWORK_HEADER = YES;
				CLANG_WARN_RANGE_LOOP_ANALYSIS = YES;
				CLANG_WARN_STRICT_PROTOTYPES = YES;
				CLANG_WARN_SUSPICIOUS_MOVE = YES;
				CLANG_WARN_UNGUARDED_AVAILABILITY = YES_AGGRESSIVE;
				CLANG_WARN_UNREACHABLE_CODE = YES;
				CLANG_WARN__DUPLICATE_METHOD_MATCH = YES;
				COPY_PHASE_STRIP = NO;
				DEBUG_INFORMATION_FORMAT = dwarf;
				ENABLE_STRICT_OBJC_MSGSEND = YES;
				ENABLE_TESTABILITY = YES;
				GCC_C_LANGUAGE_STANDARD = gnu11;
				GCC_DYNAMIC_NO_PIC = NO;
				GCC_NO_COMMON_BLOCKS = YES;
				GCC_OPTIMIZATION_LEVEL = 0;
				GCC_PREPROCESSOR_DEFINITIONS = (
					"DEBUG=1",
					"$(inherited)",
				);
				GCC_WARN_64_TO_32_BIT_CONVERSION = YES;
				GCC_WARN_ABOUT_RETURN_TYPE = YES_ERROR;
				GCC_WARN_UNDECLARED_SELECTOR = YES;
				GCC_WARN_UNINITIALIZED_AUTOS = YES_AGGRESSIVE;
				GCC_WARN_UNUSED_FUNCTION = YES;
				GCC_WARN_UNUSED_VARIABLE = YES;
				IPHONEOS_DEPLOYMENT_TARGET = 14.4;
				MTL_ENABLE_DEBUG_INFO = INCLUDE_SOURCE;
				MTL_FAST_MATH = YES;
				ONLY_ACTIVE_ARCH = YES;
				SDKROOT = iphoneos;
				SWIFT_ACTIVE_COMPILATION_CONDITIONS = DEBUG;
				SWIFT_OPTIMIZATION_LEVEL = "-Onone";
			};
			name = Debug;
		};
		42916068264BBE480072A2CF /* Release */ = {
			isa = XCBuildConfiguration;
			buildSettings = {
				ALWAYS_SEARCH_USER_PATHS = NO;
				CLANG_ANALYZER_NONNULL = YES;
				CLANG_ANALYZER_NUMBER_OBJECT_CONVERSION = YES_AGGRESSIVE;
				CLANG_CXX_LANGUAGE_STANDARD = "gnu++14";
				CLANG_CXX_LIBRARY = "libc++";
				CLANG_ENABLE_MODULES = YES;
				CLANG_ENABLE_OBJC_ARC = YES;
				CLANG_ENABLE_OBJC_WEAK = YES;
				CLANG_WARN_BLOCK_CAPTURE_AUTORELEASING = YES;
				CLANG_WARN_BOOL_CONVERSION = YES;
				CLANG_WARN_COMMA = YES;
				CLANG_WARN_CONSTANT_CONVERSION = YES;
				CLANG_WARN_DEPRECATED_OBJC_IMPLEMENTATIONS = YES;
				CLANG_WARN_DIRECT_OBJC_ISA_USAGE = YES_ERROR;
				CLANG_WARN_DOCUMENTATION_COMMENTS = YES;
				CLANG_WARN_EMPTY_BODY = YES;
				CLANG_WARN_ENUM_CONVERSION = YES;
				CLANG_WARN_INFINITE_RECURSION = YES;
				CLANG_WARN_INT_CONVERSION = YES;
				CLANG_WARN_NON_LITERAL_NULL_CONVERSION = YES;
				CLANG_WARN_OBJC_IMPLICIT_RETAIN_SELF = YES;
				CLANG_WARN_OBJC_LITERAL_CONVERSION = YES;
				CLANG_WARN_OBJC_ROOT_CLASS = YES_ERROR;
				CLANG_WARN_QUOTED_INCLUDE_IN_FRAMEWORK_HEADER = YES;
				CLANG_WARN_RANGE_LOOP_ANALYSIS = YES;
				CLANG_WARN_STRICT_PROTOTYPES = YES;
				CLANG_WARN_SUSPICIOUS_MOVE = YES;
				CLANG_WARN_UNGUARDED_AVAILABILITY = YES_AGGRESSIVE;
				CLANG_WARN_UNREACHABLE_CODE = YES;
				CLANG_WARN__DUPLICATE_METHOD_MATCH = YES;
				COPY_PHASE_STRIP = NO;
				DEBUG_INFORMATION_FORMAT = "dwarf-with-dsym";
				ENABLE_NS_ASSERTIONS = NO;
				ENABLE_STRICT_OBJC_MSGSEND = YES;
				GCC_C_LANGUAGE_STANDARD = gnu11;
				GCC_NO_COMMON_BLOCKS = YES;
				GCC_WARN_64_TO_32_BIT_CONVERSION = YES;
				GCC_WARN_ABOUT_RETURN_TYPE = YES_ERROR;
				GCC_WARN_UNDECLARED_SELECTOR = YES;
				GCC_WARN_UNINITIALIZED_AUTOS = YES_AGGRESSIVE;
				GCC_WARN_UNUSED_FUNCTION = YES;
				GCC_WARN_UNUSED_VARIABLE = YES;
				IPHONEOS_DEPLOYMENT_TARGET = 14.4;
				MTL_ENABLE_DEBUG_INFO = NO;
				MTL_FAST_MATH = YES;
				SDKROOT = iphoneos;
				SWIFT_COMPILATION_MODE = wholemodule;
				SWIFT_OPTIMIZATION_LEVEL = "-O";
				VALIDATE_PRODUCT = YES;
			};
			name = Release;
		};
		4291606A264BBE480072A2CF /* Debug */ = {
			isa = XCBuildConfiguration;
			baseConfigurationReference = AF0AFAF0D524CD25CFCE4065 /* Pods-sesori.debug.xcconfig */;
			buildSettings = {
				ASSETCATALOG_COMPILER_APPICON_NAME = AppIcon;
				ASSETCATALOG_COMPILER_GLOBAL_ACCENT_COLOR_NAME = AccentColor;
				CODE_SIGN_STYLE = Automatic;
				DEVELOPMENT_TEAM = Z44PNMNA6D;
				INFOPLIST_FILE = sesori/Info.plist;
				LD_RUNPATH_SEARCH_PATHS = (
					"$(inherited)",
					"@executable_path/Frameworks",
				);
				PRODUCT_BUNDLE_IDENTIFIER = BO.sesori;
				PRODUCT_NAME = "$(TARGET_NAME)";
				SWIFT_VERSION = 5.0;
				TARGETED_DEVICE_FAMILY = "1,2";
			};
			name = Debug;
		};
		4291606B264BBE480072A2CF /* Release */ = {
			isa = XCBuildConfiguration;
			baseConfigurationReference = C51E7213880FA32F957EC244 /* Pods-sesori.release.xcconfig */;
			buildSettings = {
				ASSETCATALOG_COMPILER_APPICON_NAME = AppIcon;
				ASSETCATALOG_COMPILER_GLOBAL_ACCENT_COLOR_NAME = AccentColor;
				CODE_SIGN_STYLE = Automatic;
				DEVELOPMENT_TEAM = Z44PNMNA6D;
				INFOPLIST_FILE = sesori/Info.plist;
				LD_RUNPATH_SEARCH_PATHS = (
					"$(inherited)",
					"@executable_path/Frameworks",
				);
				PRODUCT_BUNDLE_IDENTIFIER = BO.sesori;
				PRODUCT_NAME = "$(TARGET_NAME)";
				SWIFT_VERSION = 5.0;
				TARGETED_DEVICE_FAMILY = "1,2";
			};
			name = Release;
		};
/* End XCBuildConfiguration section */

/* Begin XCConfigurationList section */
		42916050264BBE470072A2CF /* Build configuration list for PBXProject "sesori" */ = {
			isa = XCConfigurationList;
			buildConfigurations = (
				42916067264BBE480072A2CF /* Debug */,
				42916068264BBE480072A2CF /* Release */,
			);
			defaultConfigurationIsVisible = 0;
			defaultConfigurationName = Release;
		};
		42916069264BBE480072A2CF /* Build configuration list for PBXNativeTarget "sesori" */ = {
			isa = XCConfigurationList;
			buildConfigurations = (
				4291606A264BBE480072A2CF /* Debug */,
				4291606B264BBE480072A2CF /* Release */,
			);
			defaultConfigurationIsVisible = 0;
			defaultConfigurationName = Release;
		};
/* End XCConfigurationList section */
	};
	rootObject = 4291604D264BBE470072A2CF /* Project object */;
}
