PODS:
  - Alamofire (5.4.3)
  - Pageboy (3.6.2)
  - SwiftyJSON (5.0.1)
  - Tabman (2.11.1):
    - Pageboy (~> 3.6.0)

DEPENDENCIES:
  - Alamofire
  - SwiftyJSON
  - Tabman (~> 2.11)

SPEC REPOS:
  trunk:
    - Alamofire
    - Pageboy
    - SwiftyJSON
    - Tabman

SPEC CHECKSUMS:
  Alamofire: e447a2774a40c996748296fa2c55112fdbbc42f9
  Pageboy: cf121b9dd48c63f3f281b2a9ec93d02e0f23879b
  SwiftyJSON: 2f33a42c6fbc52764d96f13368585094bfd8aa5e
  Tabman: 792ac76fd1ec95af175c93db880a3c47cabedc91

PODFILE CHECKSUM: 040ea7423adeeeca35aed5931c61633368e57f7b

COCOAPODS: 1.10.1
